
Microsoft Visual Studio Solution File, Format Version 12.00
# Visual Studio Version 17
VisualStudioVersion = 17.10.34916.146
MinimumVisualStudioVersion = 10.0.40219.1
Project("{FAE04EC0-301F-11D3-BF4B-00C04F79EFBC}") = "SwaggerDemo", "SwaggerDemo\SwaggerDemo.csproj", "{047EB043-B68B-4A3D-BABB-A40C4FAA8514}"
EndProject
Global
	GlobalSection(SolutionConfigurationPlatforms) = preSolution
		Debug|Any CPU = Debug|Any CPU
		Release|Any CPU = Release|Any CPU
	EndGlobalSection
	GlobalSection(ProjectConfigurationPlatforms) = postSolution
		{047EB043-B68B-4A3D-BABB-A40C4FAA8514}.Debug|Any CPU.ActiveCfg = Debug|Any CPU
		{047EB043-B68B-4A3D-BABB-A40C4FAA8514}.Debug|Any CPU.Build.0 = Debug|Any CPU
		{047EB043-B68B-4A3D-BABB-A40C4FAA8514}.Release|Any CPU.ActiveCfg = Release|Any CPU
		{047EB043-B68B-4A3D-BABB-A40C4FAA8514}.Release|Any CPU.Build.0 = Release|Any CPU
	EndGlobalSection
	GlobalSection(SolutionProperties) = preSolution
		HideSolutionNode = FALSE
	EndGlobalSection
	GlobalSection(ExtensibilityGlobals) = postSolution
		SolutionGuid = {F7D0896C-BBFC-487C-846E-FC594E9BD40B}
	EndGlobalSection
EndGlobal
